{
	"name": "eslint-formatters",
	"lockfileVersion": 2,
	"requires": true,
	"packages": {
		"": {
			"dependencies": {
				"@vercel/ncc": "^0.27.0",
				"prettier": "^2.2.1"
			}
		},
		"node_modules/@vercel/ncc": {
			"version": "0.27.0",
			"license": "MIT",
			"bin": {
				"ncc": "dist/ncc/cli.js"
			}
		},
		"node_modules/prettier": {
			"version": "2.2.1",
			"license": "MIT",
			"bin": {
				"prettier": "bin-prettier.js"
			},
			"engines": {
				"node": ">=10.13.0"
			}
		}
	},
	"dependencies": {
		"@vercel/ncc": {
			"version": "0.27.0"
		},
		"prettier": {
			"version": "2.2.1"
		}
	}
}
